// !$*UTF8*$!
{
	archiveVersion = 1;
	classes = {
	};
	objectVersion = 60;
	objects = {

/* Begin PBXBuildFile section */
		3715C63C2C337AFA00269EED /* Colors.swift in Sources */ = {isa = PBXBuildFile; fileRef = 3715C63B2C337AFA00269EED /* Colors.swift */; };
		3731279D2C497EDB00BDC4AA /* TranslationServiceImpl.swift in Sources */ = {isa = PBXBuildFile; fileRef = 3731279C2C497EDB00BDC4AA /* TranslationServiceImpl.swift */; };
		373127A12C4A75E900BDC4AA /* LanguageInputView.swift in Sources */ = {isa = PBXBuildFile; fileRef = 373127A02C4A75E900BDC4AA /* LanguageInputView.swift */; };
		373127A52C4A769C00BDC4AA /* SourceLanguage.swift in Sources */ = {isa = PBXBuildFile; fileRef = 373127A42C4A769C00BDC4AA /* SourceLanguage.swift */; };
		373127AA2C4A936B00BDC4AA /* APIConstants.swift in Sources */ = {isa = PBXBuildFile; fileRef = 373127A92C4A936B00BDC4AA /* APIConstants.swift */; };
		373888F82C32D30600B44BEA /* OneShotApp.swift in Sources */ = {isa = PBXBuildFile; fileRef = 373888F72C32D30600B44BEA /* OneShotApp.swift */; };
		373888FA2C32D30600B44BEA /* TranlatorView.swift in Sources */ = {isa = PBXBuildFile; fileRef = 373888F92C32D30600B44BEA /* TranlatorView.swift */; };
		373888FC2C32D30800B44BEA /* Assets.xcassets in Resources */ = {isa = PBXBuildFile; fileRef = 373888FB2C32D30800B44BEA /* Assets.xcassets */; };
		373888FF2C32D30800B44BEA /* Preview Assets.xcassets in Resources */ = {isa = PBXBuildFile; fileRef = 373888FE2C32D30800B44BEA /* Preview Assets.xcassets */; };
		3750F6482C56956E00019360 /* HotKey in Frameworks */ = {isa = PBXBuildFile; productRef = 3750F6472C56956E00019360 /* HotKey */; };
		37701EBB2C552A32007F6745 /* TranslatorViewModel.swift in Sources */ = {isa = PBXBuildFile; fileRef = 37701EBA2C552A32007F6745 /* TranslatorViewModel.swift */; };
		37701EBE2C55332B007F6745 /* TranslationResponse.swift in Sources */ = {isa = PBXBuildFile; fileRef = 37701EBD2C55332B007F6745 /* TranslationResponse.swift */; };
		37701EC02C553CAF007F6745 /* FocusableTextField.swift in Sources */ = {isa = PBXBuildFile; fileRef = 37701EBF2C553CAF007F6745 /* FocusableTextField.swift */; };
/* End PBXBuildFile section */

/* Begin PBXFileReference section */
		3715C63B2C337AFA00269EED /* Colors.swift */ = {isa = PBXFileReference; lastKnownFileType = sourcecode.swift; path = Colors.swift; sourceTree = "<group>"; };
		3731279C2C497EDB00BDC4AA /* TranslationServiceImpl.swift */ = {isa = PBXFileReference; lastKnownFileType = sourcecode.swift; path = TranslationServiceImpl.swift; sourceTree = "<group>"; };
		373127A02C4A75E900BDC4AA /* LanguageInputView.swift */ = {isa = PBXFileReference; lastKnownFileType = sourcecode.swift; path = LanguageInputView.swift; sourceTree = "<group>"; };
		373127A42C4A769C00BDC4AA /* SourceLanguage.swift */ = {isa = PBXFileReference; lastKnownFileType = sourcecode.swift; path = SourceLanguage.swift; sourceTree = "<group>"; };
		373127A92C4A936B00BDC4AA /* APIConstants.swift */ = {isa = PBXFileReference; lastKnownFileType = sourcecode.swift; path = APIConstants.swift; sourceTree = "<group>"; };
		373888F42C32D30600B44BEA /* OneShot.app */ = {isa = PBXFileReference; explicitFileType = wrapper.application; includeInIndex = 0; path = OneShot.app; sourceTree = BUILT_PRODUCTS_DIR; };
		373888F72C32D30600B44BEA /* OneShotApp.swift */ = {isa = PBXFileReference; lastKnownFileType = sourcecode.swift; path = OneShotApp.swift; sourceTree = "<group>"; };
		373888F92C32D30600B44BEA /* TranlatorView.swift */ = {isa = PBXFileReference; lastKnownFileType = sourcecode.swift; path = TranlatorView.swift; sourceTree = "<group>"; };
		373888FB2C32D30800B44BEA /* Assets.xcassets */ = {isa = PBXFileReference; lastKnownFileType = folder.assetcatalog; path = Assets.xcassets; sourceTree = "<group>"; };
		373888FE2C32D30800B44BEA /* Preview Assets.xcassets */ = {isa = PBXFileReference; lastKnownFileType = folder.assetcatalog; path = "Preview Assets.xcassets"; sourceTree = "<group>"; };
		373889002C32D30800B44BEA /* OneShot.entitlements */ = {isa = PBXFileReference; lastKnownFileType = text.plist.entitlements; path = OneShot.entitlements; sourceTree = "<group>"; };
		37701EBA2C552A32007F6745 /* TranslatorViewModel.swift */ = {isa = PBXFileReference; lastKnownFileType = sourcecode.swift; path = TranslatorViewModel.swift; sourceTree = "<group>"; };
		37701EBD2C55332B007F6745 /* TranslationResponse.swift */ = {isa = PBXFileReference; lastKnownFileType = sourcecode.swift; path = TranslationResponse.swift; sourceTree = "<group>"; };
		37701EBF2C553CAF007F6745 /* FocusableTextField.swift */ = {isa = PBXFileReference; lastKnownFileType = sourcecode.swift; path = FocusableTextField.swift; sourceTree = "<group>"; };
/* End PBXFileReference section */

/* Begin PBXFrameworksBuildPhase section */
		373888F12C32D30600B44BEA /* Frameworks */ = {
			isa = PBXFrameworksBuildPhase;
			buildActionMask = 2147483647;
			files = (
				3750F6482C56956E00019360 /* HotKey in Frameworks */,
			);
			runOnlyForDeploymentPostprocessing = 0;
		};
/* End PBXFrameworksBuildPhase section */

/* Begin PBXGroup section */
		3715C6382C337ACA00269EED /* Resourses */ = {
			isa = PBXGroup;
			children = (
				3750F6492C56BE2200019360 /* Assets */,
				373127A82C4A936300BDC4AA /* Constants */,
				3715C6392C337AD200269EED /* Colors */,
			);
			path = Resourses;
			sourceTree = "<group>";
		};
		3715C6392C337AD200269EED /* Colors */ = {
			isa = PBXGroup;
			children = (
				3715C63B2C337AFA00269EED /* Colors.swift */,
			);
			path = Colors;
			sourceTree = "<group>";
		};
		3715C63A2C337ADB00269EED /* Application */ = {
			isa = PBXGroup;
			children = (
				373888F72C32D30600B44BEA /* OneShotApp.swift */,
			);
			path = Application;
			sourceTree = "<group>";
		};
		373127992C497EB900BDC4AA /* BuisnessLogic */ = {
			isa = PBXGroup;
			children = (
				373127A32C4A769200BDC4AA /* Entities */,
				3731279A2C497EC900BDC4AA /* Services */,
			);
			path = BuisnessLogic;
			sourceTree = "<group>";
		};
		3731279A2C497EC900BDC4AA /* Services */ = {
			isa = PBXGroup;
			children = (
				3731279B2C497ED000BDC4AA /* Translation */,
			);
			path = Services;
			sourceTree = "<group>";
		};
		3731279B2C497ED000BDC4AA /* Translation */ = {
			isa = PBXGroup;
			children = (
				3731279C2C497EDB00BDC4AA /* TranslationServiceImpl.swift */,
			);
			path = Translation;
			sourceTree = "<group>";
		};
		3731279E2C4987D300BDC4AA /* Presentation */ = {
			isa = PBXGroup;
			children = (
				3731279F2C4A75DC00BDC4AA /* LanguageInput */,
				373127A22C4A765800BDC4AA /* TranslatorView */,
			);
			path = Presentation;
			sourceTree = "<group>";
		};
		3731279F2C4A75DC00BDC4AA /* LanguageInput */ = {
			isa = PBXGroup;
			children = (
				373127A02C4A75E900BDC4AA /* LanguageInputView.swift */,
			);
			path = LanguageInput;
			sourceTree = "<group>";
		};
		373127A22C4A765800BDC4AA /* TranslatorView */ = {
			isa = PBXGroup;
			children = (
				37701EBA2C552A32007F6745 /* TranslatorViewModel.swift */,
				373888F92C32D30600B44BEA /* TranlatorView.swift */,
			);
			path = TranslatorView;
			sourceTree = "<group>";
		};
		373127A32C4A769200BDC4AA /* Entities */ = {
			isa = PBXGroup;
			children = (
				37701EBC2C55331A007F6745 /* Response */,
				373127A72C4A79E300BDC4AA /* Domain */,
			);
			path = Entities;
			sourceTree = "<group>";
		};
		373127A62C4A774800BDC4AA /* SourceLanguage */ = {
			isa = PBXGroup;
			children = (
				373127A42C4A769C00BDC4AA /* SourceLanguage.swift */,
			);
			path = SourceLanguage;
			sourceTree = "<group>";
		};
		373127A72C4A79E300BDC4AA /* Domain */ = {
			isa = PBXGroup;
			children = (
				373127A62C4A774800BDC4AA /* SourceLanguage */,
			);
			path = Domain;
			sourceTree = "<group>";
		};
		373127A82C4A936300BDC4AA /* Constants */ = {
			isa = PBXGroup;
			children = (
				373127A92C4A936B00BDC4AA /* APIConstants.swift */,
			);
			path = Constants;
			sourceTree = "<group>";
		};
		373888EB2C32D30600B44BEA = {
			isa = PBXGroup;
			children = (
				373888F62C32D30600B44BEA /* OneShot */,
				373888F52C32D30600B44BEA /* Products */,
			);
			sourceTree = "<group>";
		};
		373888F52C32D30600B44BEA /* Products */ = {
			isa = PBXGroup;
			children = (
				373888F42C32D30600B44BEA /* OneShot.app */,
			);
			name = Products;
			sourceTree = "<group>";
		};
		373888F62C32D30600B44BEA /* OneShot */ = {
			isa = PBXGroup;
			children = (
				3715C63A2C337ADB00269EED /* Application */,
				373127992C497EB900BDC4AA /* BuisnessLogic */,
				3750F64C2C56BE4B00019360 /* CoreUI */,
				3731279E2C4987D300BDC4AA /* Presentation */,
				3715C6382C337ACA00269EED /* Resourses */,
				373889002C32D30800B44BEA /* OneShot.entitlements */,
				373888FD2C32D30800B44BEA /* Preview Content */,
			);
			path = OneShot;
			sourceTree = "<group>";
		};
		373888FD2C32D30800B44BEA /* Preview Content */ = {
			isa = PBXGroup;
			children = (
				373888FE2C32D30800B44BEA /* Preview Assets.xcassets */,
			);
			path = "Preview Content";
			sourceTree = "<group>";
		};
		3750F6492C56BE2200019360 /* Assets */ = {
			isa = PBXGroup;
			children = (
				373888FB2C32D30800B44BEA /* Assets.xcassets */,
			);
			path = Assets;
			sourceTree = "<group>";
		};
		3750F64A2C56BE4000019360 /* FocusableTextField */ = {
			isa = PBXGroup;
			children = (
				37701EBF2C553CAF007F6745 /* FocusableTextField.swift */,
			);
			path = FocusableTextField;
			sourceTree = "<group>";
		};
		3750F64B2C56BE4500019360 /* Components */ = {
			isa = PBXGroup;
			children = (
				3750F64A2C56BE4000019360 /* FocusableTextField */,
			);
			path = Components;
			sourceTree = "<group>";
		};
		3750F64C2C56BE4B00019360 /* CoreUI */ = {
			isa = PBXGroup;
			children = (
				3750F64B2C56BE4500019360 /* Components */,
			);
			path = CoreUI;
			sourceTree = "<group>";
		};
		3750F64D2C56BEA800019360 /* Translation */ = {
			isa = PBXGroup;
			children = (
				37701EBD2C55332B007F6745 /* TranslationResponse.swift */,
			);
			path = Translation;
			sourceTree = "<group>";
		};
		37701EBC2C55331A007F6745 /* Response */ = {
			isa = PBXGroup;
			children = (
				3750F64D2C56BEA800019360 /* Translation */,
			);
			path = Response;
			sourceTree = "<group>";
		};
/* End PBXGroup section */

/* Begin PBXNativeTarget section */
		373888F32C32D30600B44BEA /* OneShot */ = {
			isa = PBXNativeTarget;
			buildConfigurationList = 373889032C32D30800B44BEA /* Build configuration list for PBXNativeTarget "OneShot" */;
			buildPhases = (
				373888F02C32D30600B44BEA /* Sources */,
				373888F12C32D30600B44BEA /* Frameworks */,
				373888F22C32D30600B44BEA /* Resources */,
			);
			buildRules = (
			);
			dependencies = (
			);
			name = OneShot;
			packageProductDependencies = (
				3750F6472C56956E00019360 /* HotKey */,
			);
			productName = OneShot;
			productReference = 373888F42C32D30600B44BEA /* OneShot.app */;
			productType = "com.apple.product-type.application";
		};
/* End PBXNativeTarget section */

/* Begin PBXProject section */
		373888EC2C32D30600B44BEA /* Project object */ = {
			isa = PBXProject;
			attributes = {
				BuildIndependentTargetsInParallel = 1;
				LastSwiftUpdateCheck = 1600;
				LastUpgradeCheck = 1600;
				TargetAttributes = {
					373888F32C32D30600B44BEA = {
						CreatedOnToolsVersion = 16.0;
					};
				};
			};
			buildConfigurationList = 373888EF2C32D30600B44BEA /* Build configuration list for PBXProject "OneShot" */;
			compatibilityVersion = "Xcode 15.0";
			developmentRegion = en;
			hasScannedForEncodings = 0;
			knownRegions = (
				en,
				Base,
			);
			mainGroup = 373888EB2C32D30600B44BEA;
			packageReferences = (
				3750F6462C56956E00019360 /* XCRemoteSwiftPackageReference "HotKey" */,
			);
			productRefGroup = 373888F52C32D30600B44BEA /* Products */;
			projectDirPath = "";
			projectRoot = "";
			targets = (
				373888F32C32D30600B44BEA /* OneShot */,
			);
		};
/* End PBXProject section */

/* Begin PBXResourcesBuildPhase section */
		373888F22C32D30600B44BEA /* Resources */ = {
			isa = PBXResourcesBuildPhase;
			buildActionMask = 2147483647;
			files = (
				373888FF2C32D30800B44BEA /* Preview Assets.xcassets in Resources */,
				373888FC2C32D30800B44BEA /* Assets.xcassets in Resources */,
			);
			runOnlyForDeploymentPostprocessing = 0;
		};
/* End PBXResourcesBuildPhase section */

/* Begin PBXSourcesBuildPhase section */
		373888F02C32D30600B44BEA /* Sources */ = {
			isa = PBXSourcesBuildPhase;
			buildActionMask = 2147483647;
			files = (
				373127A52C4A769C00BDC4AA /* SourceLanguage.swift in Sources */,
				373127AA2C4A936B00BDC4AA /* APIConstants.swift in Sources */,
				37701EBB2C552A32007F6745 /* TranslatorViewModel.swift in Sources */,
				373888FA2C32D30600B44BEA /* TranlatorView.swift in Sources */,
				37701EC02C553CAF007F6745 /* FocusableTextField.swift in Sources */,
				37701EBE2C55332B007F6745 /* TranslationResponse.swift in Sources */,
				373127A12C4A75E900BDC4AA /* LanguageInputView.swift in Sources */,
				3715C63C2C337AFA00269EED /* Colors.swift in Sources */,
				373888F82C32D30600B44BEA /* OneShotApp.swift in Sources */,
				3731279D2C497EDB00BDC4AA /* TranslationServiceImpl.swift in Sources */,
			);
			runOnlyForDeploymentPostprocessing = 0;
		};
/* End PBXSourcesBuildPhase section */

/* Begin XCBuildConfiguration section */
		373889012C32D30800B44BEA /* Debug */ = {
			isa = XCBuildConfiguration;
			buildSettings = {
				ALWAYS_SEARCH_USER_PATHS = NO;
				ASSETCATALOG_COMPILER_GENERATE_SWIFT_ASSET_SYMBOL_EXTENSIONS = YES;
				CLANG_ANALYZER_NONNULL = YES;
				CLANG_ANALYZER_NUMBER_OBJECT_CONVERSION = YES_AGGRESSIVE;
				CLANG_CXX_LANGUAGE_STANDARD = "gnu++20";
				CLANG_ENABLE_MODULES = YES;
				CLANG_ENABLE_OBJC_ARC = YES;
				CLANG_ENABLE_OBJC_WEAK = YES;
				CLANG_WARN_BLOCK_CAPTURE_AUTORELEASING = YES;
				CLANG_WARN_BOOL_CONVERSION = YES;
				CLANG_WARN_COMMA = YES;
				CLANG_WARN_CONSTANT_CONVERSION = YES;
				CLANG_WARN_DEPRECATED_OBJC_IMPLEMENTATIONS = YES;
				CLANG_WARN_DIRECT_OBJC_ISA_USAGE = YES_ERROR;
				CLANG_WARN_DOCUMENTATION_COMMENTS = YES;
				CLANG_WARN_EMPTY_BODY = YES;
				CLANG_WARN_ENUM_CONVERSION = YES;
				CLANG_WARN_INFINITE_RECURSION = YES;
				CLANG_WARN_INT_CONVERSION = YES;
				CLANG_WARN_NON_LITERAL_NULL_CONVERSION = YES;
				CLANG_WARN_OBJC_IMPLICIT_RETAIN_SELF = YES;
				CLANG_WARN_OBJC_LITERAL_CONVERSION = YES;
				CLANG_WARN_OBJC_ROOT_CLASS = YES_ERROR;
				CLANG_WARN_QUOTED_INCLUDE_IN_FRAMEWORK_HEADER = YES;
				CLANG_WARN_RANGE_LOOP_ANALYSIS = YES;
				CLANG_WARN_STRICT_PROTOTYPES = YES;
				CLANG_WARN_SUSPICIOUS_MOVE = YES;
				CLANG_WARN_UNGUARDED_AVAILABILITY = YES_AGGRESSIVE;
				CLANG_WARN_UNREACHABLE_CODE = YES;
				CLANG_WARN__DUPLICATE_METHOD_MATCH = YES;
				COPY_PHASE_STRIP = NO;
				DEBUG_INFORMATION_FORMAT = dwarf;
				ENABLE_STRICT_OBJC_MSGSEND = YES;
				ENABLE_TESTABILITY = YES;
				ENABLE_USER_SCRIPT_SANDBOXING = YES;
				GCC_C_LANGUAGE_STANDARD = gnu17;
				GCC_DYNAMIC_NO_PIC = NO;
				GCC_NO_COMMON_BLOCKS = YES;
				GCC_OPTIMIZATION_LEVEL = 0;
				GCC_PREPROCESSOR_DEFINITIONS = (
					"DEBUG=1",
					"$(inherited)",
				);
				GCC_WARN_64_TO_32_BIT_CONVERSION = YES;
				GCC_WARN_ABOUT_RETURN_TYPE = YES_ERROR;
				GCC_WARN_UNDECLARED_SELECTOR = YES;
				GCC_WARN_UNINITIALIZED_AUTOS = YES_AGGRESSIVE;
				GCC_WARN_UNUSED_FUNCTION = YES;
				GCC_WARN_UNUSED_VARIABLE = YES;
				LOCALIZATION_PREFERS_STRING_CATALOGS = YES;
				MACOSX_DEPLOYMENT_TARGET = 15.0;
				MTL_ENABLE_DEBUG_INFO = INCLUDE_SOURCE;
				MTL_FAST_MATH = YES;
				ONLY_ACTIVE_ARCH = YES;
				SDKROOT = macosx;
				SWIFT_ACTIVE_COMPILATION_CONDITIONS = "DEBUG $(inherited)";
				SWIFT_OPTIMIZATION_LEVEL = "-Onone";
			};
			name = Debug;
		};
		373889022C32D30800B44BEA /* Release */ = {
			isa = XCBuildConfiguration;
			buildSettings = {
				ALWAYS_SEARCH_USER_PATHS = NO;
				ASSETCATALOG_COMPILER_GENERATE_SWIFT_ASSET_SYMBOL_EXTENSIONS = YES;
				CLANG_ANALYZER_NONNULL = YES;
				CLANG_ANALYZER_NUMBER_OBJECT_CONVERSION = YES_AGGRESSIVE;
				CLANG_CXX_LANGUAGE_STANDARD = "gnu++20";
				CLANG_ENABLE_MODULES = YES;
				CLANG_ENABLE_OBJC_ARC = YES;
				CLANG_ENABLE_OBJC_WEAK = YES;
				CLANG_WARN_BLOCK_CAPTURE_AUTORELEASING = YES;
				CLANG_WARN_BOOL_CONVERSION = YES;
				CLANG_WARN_COMMA = YES;
				CLANG_WARN_CONSTANT_CONVERSION = YES;
				CLANG_WARN_DEPRECATED_OBJC_IMPLEMENTATIONS = YES;
				CLANG_WARN_DIRECT_OBJC_ISA_USAGE = YES_ERROR;
				CLANG_WARN_DOCUMENTATION_COMMENTS = YES;
				CLANG_WARN_EMPTY_BODY = YES;
				CLANG_WARN_ENUM_CONVERSION = YES;
				CLANG_WARN_INFINITE_RECURSION = YES;
				CLANG_WARN_INT_CONVERSION = YES;
				CLANG_WARN_NON_LITERAL_NULL_CONVERSION = YES;
				CLANG_WARN_OBJC_IMPLICIT_RETAIN_SELF = YES;
				CLANG_WARN_OBJC_LITERAL_CONVERSION = YES;
				CLANG_WARN_OBJC_ROOT_CLASS = YES_ERROR;
				CLANG_WARN_QUOTED_INCLUDE_IN_FRAMEWORK_HEADER = YES;
				CLANG_WARN_RANGE_LOOP_ANALYSIS = YES;
				CLANG_WARN_STRICT_PROTOTYPES = YES;
				CLANG_WARN_SUSPICIOUS_MOVE = YES;
				CLANG_WARN_UNGUARDED_AVAILABILITY = YES_AGGRESSIVE;
				CLANG_WARN_UNREACHABLE_CODE = YES;
				CLANG_WARN__DUPLICATE_METHOD_MATCH = YES;
				COPY_PHASE_STRIP = NO;
				DEBUG_INFORMATION_FORMAT = "dwarf-with-dsym";
				ENABLE_NS_ASSERTIONS = NO;
				ENABLE_STRICT_OBJC_MSGSEND = YES;
				ENABLE_USER_SCRIPT_SANDBOXING = YES;
				GCC_C_LANGUAGE_STANDARD = gnu17;
				GCC_NO_COMMON_BLOCKS = YES;
				GCC_WARN_64_TO_32_BIT_CONVERSION = YES;
				GCC_WARN_ABOUT_RETURN_TYPE = YES_ERROR;
				GCC_WARN_UNDECLARED_SELECTOR = YES;
				GCC_WARN_UNINITIALIZED_AUTOS = YES_AGGRESSIVE;
				GCC_WARN_UNUSED_FUNCTION = YES;
				GCC_WARN_UNUSED_VARIABLE = YES;
				LOCALIZATION_PREFERS_STRING_CATALOGS = YES;
				MACOSX_DEPLOYMENT_TARGET = 15.0;
				MTL_ENABLE_DEBUG_INFO = NO;
				MTL_FAST_MATH = YES;
				SDKROOT = macosx;
				SWIFT_COMPILATION_MODE = wholemodule;
			};
			name = Release;
		};
		373889042C32D30800B44BEA /* Debug */ = {
			isa = XCBuildConfiguration;
			buildSettings = {
				ASSETCATALOG_COMPILER_APPICON_NAME = AppIcon;
				ASSETCATALOG_COMPILER_GLOBAL_ACCENT_COLOR_NAME = AccentColor;
				CODE_SIGN_ENTITLEMENTS = OneShot/OneShot.entitlements;
				"CODE_SIGN_IDENTITY[sdk=macosx*]" = "Apple Development";
				CODE_SIGN_STYLE = Automatic;
				COMBINE_HIDPI_IMAGES = YES;
				CURRENT_PROJECT_VERSION = 1;
				DEVELOPMENT_ASSET_PATHS = "\"OneShot/Preview Content\"";
				DEVELOPMENT_TEAM = J6KZ5SHCBK;
				ENABLE_HARDENED_RUNTIME = YES;
				ENABLE_PREVIEWS = YES;
				GENERATE_INFOPLIST_FILE = YES;
				INFOPLIST_KEY_NSHumanReadableCopyright = "";
				LD_RUNPATH_SEARCH_PATHS = (
					"$(inherited)",
					"@executable_path/../Frameworks",
				);
				MARKETING_VERSION = 1.0;
				PRODUCT_BUNDLE_IDENTIFIER = free.hlybchenko.OneShot;
				PRODUCT_NAME = "$(TARGET_NAME)";
				SWIFT_EMIT_LOC_STRINGS = YES;
				SWIFT_VERSION = 5.0;
			};
			name = Debug;
		};
		373889052C32D30800B44BEA /* Release */ = {
			isa = XCBuildConfiguration;
			buildSettings = {
				ASSETCATALOG_COMPILER_APPICON_NAME = AppIcon;
				ASSETCATALOG_COMPILER_GLOBAL_ACCENT_COLOR_NAME = AccentColor;
				CODE_SIGN_ENTITLEMENTS = OneShot/OneShot.entitlements;
				"CODE_SIGN_IDENTITY[sdk=macosx*]" = "Apple Development";
				CODE_SIGN_STYLE = Automatic;
				COMBINE_HIDPI_IMAGES = YES;
				CURRENT_PROJECT_VERSION = 1;
				DEVELOPMENT_ASSET_PATHS = "\"OneShot/Preview Content\"";
				DEVELOPMENT_TEAM = J6KZ5SHCBK;
				ENABLE_HARDENED_RUNTIME = YES;
				ENABLE_PREVIEWS = YES;
				GENERATE_INFOPLIST_FILE = YES;
				INFOPLIST_KEY_NSHumanReadableCopyright = "";
				LD_RUNPATH_SEARCH_PATHS = (
					"$(inherited)",
					"@executable_path/../Frameworks",
				);
				MARKETING_VERSION = 1.0;
				PRODUCT_BUNDLE_IDENTIFIER = free.hlybchenko.OneShot;
				PRODUCT_NAME = "$(TARGET_NAME)";
				SWIFT_EMIT_LOC_STRINGS = YES;
				SWIFT_VERSION = 5.0;
			};
			name = Release;
		};
/* End XCBuildConfiguration section */

/* Begin XCConfigurationList section */
		373888EF2C32D30600B44BEA /* Build configuration list for PBXProject "OneShot" */ = {
			isa = XCConfigurationList;
			buildConfigurations = (
				373889012C32D30800B44BEA /* Debug */,
				373889022C32D30800B44BEA /* Release */,
			);
			defaultConfigurationIsVisible = 0;
			defaultConfigurationName = Release;
		};
		373889032C32D30800B44BEA /* Build configuration list for PBXNativeTarget "OneShot" */ = {
			isa = XCConfigurationList;
			buildConfigurations = (
				373889042C32D30800B44BEA /* Debug */,
				373889052C32D30800B44BEA /* Release */,
			);
			defaultConfigurationIsVisible = 0;
			defaultConfigurationName = Release;
		};
/* End XCConfigurationList section */

/* Begin XCRemoteSwiftPackageReference section */
		3750F6462C56956E00019360 /* XCRemoteSwiftPackageReference "HotKey" */ = {
			isa = XCRemoteSwiftPackageReference;
			repositoryURL = "https://github.com/soffes/HotKey";
			requirement = {
				branch = main;
				kind = branch;
			};
		};
/* End XCRemoteSwiftPackageReference section */

/* Begin XCSwiftPackageProductDependency section */
		3750F6472C56956E00019360 /* HotKey */ = {
			isa = XCSwiftPackageProductDependency;
			package = 3750F6462C56956E00019360 /* XCRemoteSwiftPackageReference "HotKey" */;
			productName = HotKey;
		};
/* End XCSwiftPackageProductDependency section */
	};
	rootObject = 373888EC2C32D30600B44BEA /* Project object */;
}
